
Microsoft Visual Studio Solution File, Format Version 12.00
# Visual Studio 2013
VisualStudioVersion = 12.0.31101.0
MinimumVisualStudioVersion = 10.0.40219.1
Project("{FAE04EC0-301F-11D3-BF4B-00C04F79EFBC}") = "MovieReviewApp", "MovieReviewApp\MovieReviewApp.csproj", "{2A5A647A-C213-409D-A807-F0C9A9010465}"
EndProject
Project("{FAE04EC0-301F-11D3-BF4B-00C04F79EFBC}") = "MovieReviewAPILibrary", "MovieReviewAPILibrary\MovieReviewAPILibrary.csproj", "{B5F9E4D9-51B2-4005-9B2C-162CCBBAD2D0}"
EndProject
Global
	
	GlobalSection(SolutionConfigurationPlatforms) = preSolution
		Debug|Any CPU = Debug|Any CPU
		Release|Any CPU = Release|Any CPU
	EndGlobalSection
	GlobalSection(ProjectConfigurationPlatforms) = postSolution
		{2A5A647A-C213-409D-A807-F0C9A9010465}.Debug|Any CPU.ActiveCfg = Debug|Any CPU
		{2A5A647A-C213-409D-A807-F0C9A9010465}.Debug|Any CPU.Build.0 = Debug|Any CPU
		{2A5A647A-C213-409D-A807-F0C9A9010465}.Release|Any CPU.ActiveCfg = Release|Any CPU
		{2A5A647A-C213-409D-A807-F0C9A9010465}.Release|Any CPU.Build.0 = Release|Any CPU
		{B5F9E4D9-51B2-4005-9B2C-162CCBBAD2D0}.Debug|Any CPU.ActiveCfg = Debug|Any CPU
		{B5F9E4D9-51B2-4005-9B2C-162CCBBAD2D0}.Debug|Any CPU.Build.0 = Debug|Any CPU
		{B5F9E4D9-51B2-4005-9B2C-162CCBBAD2D0}.Release|Any CPU.ActiveCfg = Release|Any CPU
		{B5F9E4D9-51B2-4005-9B2C-162CCBBAD2D0}.Release|Any CPU.Build.0 = Release|Any CPU
	EndGlobalSection
	GlobalSection(SolutionProperties) = preSolution
		HideSolutionNode = FALSE
	EndGlobalSection
EndGlobal
